// !$*UTF8*$!
{
	archiveVersion = 1;
	classes = {
	};
	objectVersion = 51;
	objects = {

/* Begin PBXBuildFile section */
		1809974426BB1B87003030B9 /* RequestTableViewCell.swift in Sources */ = {isa = PBXBuildFile; fileRef = 1809974226BB1B87003030B9 /* RequestTableViewCell.swift */; };
		1809974526BB1B87003030B9 /* RequestTableViewCell.xib in Resources */ = {isa = PBXBuildFile; fileRef = 1809974326BB1B87003030B9 /* RequestTableViewCell.xib */; };
		1809974C26BB1E40003030B9 /* RequestViewController.swift in Sources */ = {isa = PBXBuildFile; fileRef = 1809974A26BB1E40003030B9 /* RequestViewController.swift */; };
		1809974D26BB1E40003030B9 /* RequestViewController.xib in Resources */ = {isa = PBXBuildFile; fileRef = 1809974B26BB1E40003030B9 /* RequestViewController.xib */; };
		1835434226B0F2D400DA51ED /* TabBarViewController.xib in Resources */ = {isa = PBXBuildFile; fileRef = 1835434026B0F2D400DA51ED /* TabBarViewController.xib */; };
		1835434326B0F2D400DA51ED /* TabBarViewController.swift in Sources */ = {isa = PBXBuildFile; fileRef = 1835434126B0F2D400DA51ED /* TabBarViewController.swift */; };
		1835434E26B0F2F900DA51ED /* FriendsListViewController.xib in Resources */ = {isa = PBXBuildFile; fileRef = 1835434626B0F2F900DA51ED /* FriendsListViewController.xib */; };
		1835435026B0F2F900DA51ED /* FriendsListViewController.swift in Sources */ = {isa = PBXBuildFile; fileRef = 1835434826B0F2F900DA51ED /* FriendsListViewController.swift */; };
		1835435426B0F2F900DA51ED /* FriendsController.swift in Sources */ = {isa = PBXBuildFile; fileRef = 1835434C26B0F2F900DA51ED /* FriendsController.swift */; };
		1835435526B0F2F900DA51ED /* FriendsController.xib in Resources */ = {isa = PBXBuildFile; fileRef = 1835434D26B0F2F900DA51ED /* FriendsController.xib */; };
		1835436326B0FAA700DA51ED /* Lato-Italic.ttf in Resources */ = {isa = PBXBuildFile; fileRef = 1835435826B0FAA700DA51ED /* Lato-Italic.ttf */; };
		1835436426B0FAA700DA51ED /* Lato-LightItalic.ttf in Resources */ = {isa = PBXBuildFile; fileRef = 1835435926B0FAA700DA51ED /* Lato-LightItalic.ttf */; };
		1835436526B0FAA700DA51ED /* Lato-Thin.ttf in Resources */ = {isa = PBXBuildFile; fileRef = 1835435A26B0FAA700DA51ED /* Lato-Thin.ttf */; };
		1835436626B0FAA700DA51ED /* Lato-Bold.ttf in Resources */ = {isa = PBXBuildFile; fileRef = 1835435B26B0FAA700DA51ED /* Lato-Bold.ttf */; };
		1835436726B0FAA700DA51ED /* Lato-Black.ttf in Resources */ = {isa = PBXBuildFile; fileRef = 1835435C26B0FAA700DA51ED /* Lato-Black.ttf */; };
		1835436826B0FAA700DA51ED /* Lato-Regular.ttf in Resources */ = {isa = PBXBuildFile; fileRef = 1835435D26B0FAA700DA51ED /* Lato-Regular.ttf */; };
		1835436926B0FAA700DA51ED /* Lato-BlackItalic.ttf in Resources */ = {isa = PBXBuildFile; fileRef = 1835435E26B0FAA700DA51ED /* Lato-BlackItalic.ttf */; };
		1835436B26B0FAA700DA51ED /* Lato-BoldItalic.ttf in Resources */ = {isa = PBXBuildFile; fileRef = 1835436026B0FAA700DA51ED /* Lato-BoldItalic.ttf */; };
		1835436C26B0FAA700DA51ED /* Lato-Light.ttf in Resources */ = {isa = PBXBuildFile; fileRef = 1835436126B0FAA700DA51ED /* Lato-Light.ttf */; };
		1835436D26B0FAA700DA51ED /* Lato-ThinItalic.ttf in Resources */ = {isa = PBXBuildFile; fileRef = 1835436226B0FAA700DA51ED /* Lato-ThinItalic.ttf */; };
		1850C12D26C214B3007B012D /* EXtension+UISearchBar.swift in Sources */ = {isa = PBXBuildFile; fileRef = 1850C12C26C214B3007B012D /* EXtension+UISearchBar.swift */; };
		1850C13126C22EB3007B012D /* Extension+TableView.swift in Sources */ = {isa = PBXBuildFile; fileRef = 1850C13026C22EB3007B012D /* Extension+TableView.swift */; };
		18AB2A8926B802AF00FFB28D /* FriendsTableViewCell.swift in Sources */ = {isa = PBXBuildFile; fileRef = 18AB2A8726B802AF00FFB28D /* FriendsTableViewCell.swift */; };
		18AB2A8A26B802AF00FFB28D /* FriendsTableViewCell.xib in Resources */ = {isa = PBXBuildFile; fileRef = 18AB2A8826B802AF00FFB28D /* FriendsTableViewCell.xib */; };
		18BC45AB26C0DE2A00B040BD /* GoogleService-Info.plist in Resources */ = {isa = PBXBuildFile; fileRef = 18BC45AA26C0DE2A00B040BD /* GoogleService-Info.plist */; };
		18E12E0726C0501D0079DE4D /* AllViewController.swift in Sources */ = {isa = PBXBuildFile; fileRef = 18E12E0526C0501D0079DE4D /* AllViewController.swift */; };
		18E12E0826C0501D0079DE4D /* AllViewController.xib in Resources */ = {isa = PBXBuildFile; fileRef = 18E12E0626C0501D0079DE4D /* AllViewController.xib */; };
		18E12E0D26C052FB0079DE4D /* AllTableViewCell.swift in Sources */ = {isa = PBXBuildFile; fileRef = 18E12E0B26C052FB0079DE4D /* AllTableViewCell.swift */; };
		18E12E0E26C052FB0079DE4D /* AllTableViewCell.xib in Resources */ = {isa = PBXBuildFile; fileRef = 18E12E0C26C052FB0079DE4D /* AllTableViewCell.xib */; };
		31BABDED4009E8DCE6ED715C /* Pods_Awesomechat.framework in Frameworks */ = {isa = PBXBuildFile; fileRef = 32AD681C66E3D4310D3D0EA1 /* Pods_Awesomechat.framework */; };
		8403D3D626B797DD00609CB9 /* MessengerDetail.swift in Sources */ = {isa = PBXBuildFile; fileRef = 8403D3D426B797DD00609CB9 /* MessengerDetail.swift */; };
		8403D3D726B797DD00609CB9 /* MessengerDetail.xib in Resources */ = {isa = PBXBuildFile; fileRef = 8403D3D526B797DD00609CB9 /* MessengerDetail.xib */; };
		8403D3DB26B7A6C600609CB9 /* MessengerDetailCell.swift in Sources */ = {isa = PBXBuildFile; fileRef = 8403D3D926B7A6C600609CB9 /* MessengerDetailCell.swift */; };
		8403D3DC26B7A6C600609CB9 /* MessengerDetailCell.xib in Resources */ = {isa = PBXBuildFile; fileRef = 8403D3DA26B7A6C600609CB9 /* MessengerDetailCell.xib */; };
		846FDAAD26CE68AF00D785C7 /* GoogleService-Info.plist in Resources */ = {isa = PBXBuildFile; fileRef = 846FDAAC26CE68AF00D785C7 /* GoogleService-Info.plist */; };
		8480EF4626B404B300C51870 /* MessengerController.swift in Sources */ = {isa = PBXBuildFile; fileRef = 8480EF4426B404B300C51870 /* MessengerController.swift */; };
		8480EF4726B404B300C51870 /* MessengerController.xib in Resources */ = {isa = PBXBuildFile; fileRef = 8480EF4526B404B300C51870 /* MessengerController.xib */; };
		8480EF4926B4059500C51870 /* MessengerHeader.swift in Sources */ = {isa = PBXBuildFile; fileRef = 8480EF4826B4059500C51870 /* MessengerHeader.swift */; };
		8480EF4B26B405A400C51870 /* MessengerHeader.xib in Resources */ = {isa = PBXBuildFile; fileRef = 8480EF4A26B405A400C51870 /* MessengerHeader.xib */; };
		84CBE19826C6669E00332241 /* Extension+UIImageView.swift in Sources */ = {isa = PBXBuildFile; fileRef = 84CBE19726C6669E00332241 /* Extension+UIImageView.swift */; };
		AB78AA0026A6B4590024E439 /* PersonalController.swift in Sources */ = {isa = PBXBuildFile; fileRef = AB78A9DA26A6B4580024E439 /* PersonalController.swift */; };
		AB78AA0126A6B4590024E439 /* PersonalController.xib in Resources */ = {isa = PBXBuildFile; fileRef = AB78A9DB26A6B4580024E439 /* PersonalController.xib */; };
		AB78AA0826A6B4590024E439 /* MessengerTableViewCell.xib in Resources */ = {isa = PBXBuildFile; fileRef = AB78A9E626A6B4590024E439 /* MessengerTableViewCell.xib */; };
		AB78AA0926A6B4590024E439 /* MessengerTableViewCell.swift in Sources */ = {isa = PBXBuildFile; fileRef = AB78A9E726A6B4590024E439 /* MessengerTableViewCell.swift */; };
		AB78AA0C26A6B4590024E439 /* RegisterController.swift in Sources */ = {isa = PBXBuildFile; fileRef = AB78A9EB26A6B4590024E439 /* RegisterController.swift */; };
		AB78AA0D26A6B4590024E439 /* RegisterController.xib in Resources */ = {isa = PBXBuildFile; fileRef = AB78A9EC26A6B4590024E439 /* RegisterController.xib */; };
		AB78AA1626A6B4590024E439 /* LoginController.xib in Resources */ = {isa = PBXBuildFile; fileRef = AB78A9F826A6B4590024E439 /* LoginController.xib */; };
		AB78AA1726A6B4590024E439 /* LoginController.swift in Sources */ = {isa = PBXBuildFile; fileRef = AB78A9F926A6B4590024E439 /* LoginController.swift */; };
		AB9CA22F26A14287004AAA4D /* Extension+UIViewController.swift in Sources */ = {isa = PBXBuildFile; fileRef = AB9CA22E26A14287004AAA4D /* Extension+UIViewController.swift */; };
		B210D3F726B599630083A6B8 /* FriendAPI.swift in Sources */ = {isa = PBXBuildFile; fileRef = B210D3F626B599630083A6B8 /* FriendAPI.swift */; };
		B2C73F8426A114E700346314 /* ChatRoom.swift in Sources */ = {isa = PBXBuildFile; fileRef = B2C73F8326A114E700346314 /* ChatRoom.swift */; };
		B2C73F8626A1174700346314 /* ChatMessage.swift in Sources */ = {isa = PBXBuildFile; fileRef = B2C73F8526A1174700346314 /* ChatMessage.swift */; };
		D78E610D269ECCFA00D8FB96 /* PushDataMesenger.swift in Sources */ = {isa = PBXBuildFile; fileRef = D78E610C269ECCFA00D8FB96 /* PushDataMesenger.swift */; };
		D78E610F269EEFA100D8FB96 /* Extension+Snapshot.swift in Sources */ = {isa = PBXBuildFile; fileRef = D78E610E269EEFA100D8FB96 /* Extension+Snapshot.swift */; };
		D78ECD6D269C330200ACF39D /* Extension+Date.swift in Sources */ = {isa = PBXBuildFile; fileRef = D78ECD6C269C330200ACF39D /* Extension+Date.swift */; };
		D78ECD6F269C5B8F00ACF39D /* DataChats.swift in Sources */ = {isa = PBXBuildFile; fileRef = D78ECD6E269C5B8F00ACF39D /* DataChats.swift */; };
		D7A0BC30268D6AC500842C93 /* AppDelegate.swift in Sources */ = {isa = PBXBuildFile; fileRef = D7A0BC2F268D6AC500842C93 /* AppDelegate.swift */; };
		D7A0BC32268D6AC500842C93 /* SceneDelegate.swift in Sources */ = {isa = PBXBuildFile; fileRef = D7A0BC31268D6AC500842C93 /* SceneDelegate.swift */; };
		D7A0BC37268D6AC500842C93 /* Main.storyboard in Resources */ = {isa = PBXBuildFile; fileRef = D7A0BC35268D6AC500842C93 /* Main.storyboard */; };
		D7A0BC39268D6AC700842C93 /* Assets.xcassets in Resources */ = {isa = PBXBuildFile; fileRef = D7A0BC38268D6AC700842C93 /* Assets.xcassets */; };
		D7A0BC3C268D6AC700842C93 /* LaunchScreen.storyboard in Resources */ = {isa = PBXBuildFile; fileRef = D7A0BC3A268D6AC700842C93 /* LaunchScreen.storyboard */; };
		D7A0BC58268D7CA800842C93 /* Extension+Color.swift in Sources */ = {isa = PBXBuildFile; fileRef = D7A0BC57268D7CA800842C93 /* Extension+Color.swift */; };
		D7A0BC5B268DB3F800842C93 /* DataUser.swift in Sources */ = {isa = PBXBuildFile; fileRef = D7A0BC5A268DB3F800842C93 /* DataUser.swift */; };
		D7A0BC5E268DBCC000842C93 /* ServerApiUser.swift in Sources */ = {isa = PBXBuildFile; fileRef = D7A0BC5D268DBCC000842C93 /* ServerApiUser.swift */; };
		D7A155C0268ECEA000A8E50B /* DataFriend.swift in Sources */ = {isa = PBXBuildFile; fileRef = D7A155BF268ECEA000A8E50B /* DataFriend.swift */; };
		D7A155C7268F252E00A8E50B /* ServerRegister.swift in Sources */ = {isa = PBXBuildFile; fileRef = D7A155C6268F252E00A8E50B /* ServerRegister.swift */; };
		D7A55E0D2696DE8E000767F8 /* ServerMesenger.swift in Sources */ = {isa = PBXBuildFile; fileRef = D7A55E0C2696DE8E000767F8 /* ServerMesenger.swift */; };
		D7A9F1A32692E4AA001AE5AB /* ServerLogin.swift in Sources */ = {isa = PBXBuildFile; fileRef = D7A9F1A22692E4AA001AE5AB /* ServerLogin.swift */; };
		D7A9F1AA26931200001AE5AB /* Extension+UIView.swift in Sources */ = {isa = PBXBuildFile; fileRef = D7A9F1A926931200001AE5AB /* Extension+UIView.swift */; };
		D7AC16A326A1913E0082FF94 /* CallMethodRequest.swift in Sources */ = {isa = PBXBuildFile; fileRef = D7AC16A226A1913E0082FF94 /* CallMethodRequest.swift */; };
		D7BA5CB126980C84001742DE /* ClassPushTabar.swift in Sources */ = {isa = PBXBuildFile; fileRef = D7BA5CB026980C84001742DE /* ClassPushTabar.swift */; };
/* End PBXBuildFile section */

/* Begin PBXFileReference section */
		1809974226BB1B87003030B9 /* RequestTableViewCell.swift */ = {isa = PBXFileReference; lastKnownFileType = sourcecode.swift; path = RequestTableViewCell.swift; sourceTree = "<group>"; };
		1809974326BB1B87003030B9 /* RequestTableViewCell.xib */ = {isa = PBXFileReference; lastKnownFileType = file.xib; path = RequestTableViewCell.xib; sourceTree = "<group>"; };
		1809974A26BB1E40003030B9 /* RequestViewController.swift */ = {isa = PBXFileReference; lastKnownFileType = sourcecode.swift; path = RequestViewController.swift; sourceTree = "<group>"; };
		1809974B26BB1E40003030B9 /* RequestViewController.xib */ = {isa = PBXFileReference; lastKnownFileType = file.xib; path = RequestViewController.xib; sourceTree = "<group>"; };
		1835434026B0F2D400DA51ED /* TabBarViewController.xib */ = {isa = PBXFileReference; fileEncoding = 4; lastKnownFileType = file.xib; path = TabBarViewController.xib; sourceTree = "<group>"; };
		1835434126B0F2D400DA51ED /* TabBarViewController.swift */ = {isa = PBXFileReference; fileEncoding = 4; lastKnownFileType = sourcecode.swift; path = TabBarViewController.swift; sourceTree = "<group>"; };
		1835434626B0F2F900DA51ED /* FriendsListViewController.xib */ = {isa = PBXFileReference; fileEncoding = 4; lastKnownFileType = file.xib; path = FriendsListViewController.xib; sourceTree = "<group>"; };
		1835434826B0F2F900DA51ED /* FriendsListViewController.swift */ = {isa = PBXFileReference; fileEncoding = 4; lastKnownFileType = sourcecode.swift; path = FriendsListViewController.swift; sourceTree = "<group>"; };
		1835434C26B0F2F900DA51ED /* FriendsController.swift */ = {isa = PBXFileReference; fileEncoding = 4; lastKnownFileType = sourcecode.swift; path = FriendsController.swift; sourceTree = "<group>"; };
		1835434D26B0F2F900DA51ED /* FriendsController.xib */ = {isa = PBXFileReference; fileEncoding = 4; lastKnownFileType = file.xib; path = FriendsController.xib; sourceTree = "<group>"; };
		1835435826B0FAA700DA51ED /* Lato-Italic.ttf */ = {isa = PBXFileReference; lastKnownFileType = file; path = "Lato-Italic.ttf"; sourceTree = "<group>"; };
		1835435926B0FAA700DA51ED /* Lato-LightItalic.ttf */ = {isa = PBXFileReference; lastKnownFileType = file; path = "Lato-LightItalic.ttf"; sourceTree = "<group>"; };
		1835435A26B0FAA700DA51ED /* Lato-Thin.ttf */ = {isa = PBXFileReference; lastKnownFileType = file; path = "Lato-Thin.ttf"; sourceTree = "<group>"; };
		1835435B26B0FAA700DA51ED /* Lato-Bold.ttf */ = {isa = PBXFileReference; lastKnownFileType = file; path = "Lato-Bold.ttf"; sourceTree = "<group>"; };
		1835435C26B0FAA700DA51ED /* Lato-Black.ttf */ = {isa = PBXFileReference; lastKnownFileType = file; path = "Lato-Black.ttf"; sourceTree = "<group>"; };
		1835435D26B0FAA700DA51ED /* Lato-Regular.ttf */ = {isa = PBXFileReference; lastKnownFileType = file; path = "Lato-Regular.ttf"; sourceTree = "<group>"; };
		1835435E26B0FAA700DA51ED /* Lato-BlackItalic.ttf */ = {isa = PBXFileReference; lastKnownFileType = file; path = "Lato-BlackItalic.ttf"; sourceTree = "<group>"; };
		1835436026B0FAA700DA51ED /* Lato-BoldItalic.ttf */ = {isa = PBXFileReference; lastKnownFileType = file; path = "Lato-BoldItalic.ttf"; sourceTree = "<group>"; };
		1835436126B0FAA700DA51ED /* Lato-Light.ttf */ = {isa = PBXFileReference; lastKnownFileType = file; path = "Lato-Light.ttf"; sourceTree = "<group>"; };
		1835436226B0FAA700DA51ED /* Lato-ThinItalic.ttf */ = {isa = PBXFileReference; lastKnownFileType = file; path = "Lato-ThinItalic.ttf"; sourceTree = "<group>"; };
		1850C12C26C214B3007B012D /* EXtension+UISearchBar.swift */ = {isa = PBXFileReference; lastKnownFileType = sourcecode.swift; path = "EXtension+UISearchBar.swift"; sourceTree = "<group>"; };
		1850C13026C22EB3007B012D /* Extension+TableView.swift */ = {isa = PBXFileReference; lastKnownFileType = sourcecode.swift; path = "Extension+TableView.swift"; sourceTree = "<group>"; };
		18AB2A8726B802AF00FFB28D /* FriendsTableViewCell.swift */ = {isa = PBXFileReference; lastKnownFileType = sourcecode.swift; path = FriendsTableViewCell.swift; sourceTree = "<group>"; };
		18AB2A8826B802AF00FFB28D /* FriendsTableViewCell.xib */ = {isa = PBXFileReference; lastKnownFileType = file.xib; path = FriendsTableViewCell.xib; sourceTree = "<group>"; };
		18BC45AA26C0DE2A00B040BD /* GoogleService-Info.plist */ = {isa = PBXFileReference; fileEncoding = 4; lastKnownFileType = text.plist.xml; path = "GoogleService-Info.plist"; sourceTree = "<group>"; };
		18E12E0526C0501D0079DE4D /* AllViewController.swift */ = {isa = PBXFileReference; lastKnownFileType = sourcecode.swift; path = AllViewController.swift; sourceTree = "<group>"; };
		18E12E0626C0501D0079DE4D /* AllViewController.xib */ = {isa = PBXFileReference; lastKnownFileType = file.xib; path = AllViewController.xib; sourceTree = "<group>"; };
		18E12E0B26C052FB0079DE4D /* AllTableViewCell.swift */ = {isa = PBXFileReference; lastKnownFileType = sourcecode.swift; path = AllTableViewCell.swift; sourceTree = "<group>"; };
		18E12E0C26C052FB0079DE4D /* AllTableViewCell.xib */ = {isa = PBXFileReference; lastKnownFileType = file.xib; path = AllTableViewCell.xib; sourceTree = "<group>"; };
		32AD681C66E3D4310D3D0EA1 /* Pods_Awesomechat.framework */ = {isa = PBXFileReference; explicitFileType = wrapper.framework; includeInIndex = 0; path = Pods_Awesomechat.framework; sourceTree = BUILT_PRODUCTS_DIR; };
		462DAAE6D841AD1FC2EFFD40 /* Pods-Awesomechat.release.xcconfig */ = {isa = PBXFileReference; includeInIndex = 1; lastKnownFileType = text.xcconfig; name = "Pods-Awesomechat.release.xcconfig"; path = "Target Support Files/Pods-Awesomechat/Pods-Awesomechat.release.xcconfig"; sourceTree = "<group>"; };
		8403D3D426B797DD00609CB9 /* MessengerDetail.swift */ = {isa = PBXFileReference; lastKnownFileType = sourcecode.swift; path = MessengerDetail.swift; sourceTree = "<group>"; };
		8403D3D526B797DD00609CB9 /* MessengerDetail.xib */ = {isa = PBXFileReference; lastKnownFileType = file.xib; path = MessengerDetail.xib; sourceTree = "<group>"; };
		8403D3D926B7A6C600609CB9 /* MessengerDetailCell.swift */ = {isa = PBXFileReference; lastKnownFileType = sourcecode.swift; path = MessengerDetailCell.swift; sourceTree = "<group>"; };
		8403D3DA26B7A6C600609CB9 /* MessengerDetailCell.xib */ = {isa = PBXFileReference; lastKnownFileType = file.xib; path = MessengerDetailCell.xib; sourceTree = "<group>"; };
		846FDAAC26CE68AF00D785C7 /* GoogleService-Info.plist */ = {isa = PBXFileReference; fileEncoding = 4; lastKnownFileType = text.plist.xml; path = "GoogleService-Info.plist"; sourceTree = "<group>"; };
		8480EF4426B404B300C51870 /* MessengerController.swift */ = {isa = PBXFileReference; lastKnownFileType = sourcecode.swift; path = MessengerController.swift; sourceTree = "<group>"; };
		8480EF4526B404B300C51870 /* MessengerController.xib */ = {isa = PBXFileReference; lastKnownFileType = file.xib; path = MessengerController.xib; sourceTree = "<group>"; };
		8480EF4826B4059500C51870 /* MessengerHeader.swift */ = {isa = PBXFileReference; lastKnownFileType = sourcecode.swift; path = MessengerHeader.swift; sourceTree = "<group>"; };
		8480EF4A26B405A400C51870 /* MessengerHeader.xib */ = {isa = PBXFileReference; lastKnownFileType = file.xib; path = MessengerHeader.xib; sourceTree = "<group>"; };
		84CBE19726C6669E00332241 /* Extension+UIImageView.swift */ = {isa = PBXFileReference; lastKnownFileType = sourcecode.swift; path = "Extension+UIImageView.swift"; sourceTree = "<group>"; };
		AB78A9DA26A6B4580024E439 /* PersonalController.swift */ = {isa = PBXFileReference; fileEncoding = 4; lastKnownFileType = sourcecode.swift; path = PersonalController.swift; sourceTree = "<group>"; };
		AB78A9DB26A6B4580024E439 /* PersonalController.xib */ = {isa = PBXFileReference; fileEncoding = 4; lastKnownFileType = file.xib; path = PersonalController.xib; sourceTree = "<group>"; };
		AB78A9E626A6B4590024E439 /* MessengerTableViewCell.xib */ = {isa = PBXFileReference; fileEncoding = 4; lastKnownFileType = file.xib; path = MessengerTableViewCell.xib; sourceTree = "<group>"; };
		AB78A9E726A6B4590024E439 /* MessengerTableViewCell.swift */ = {isa = PBXFileReference; fileEncoding = 4; lastKnownFileType = sourcecode.swift; path = MessengerTableViewCell.swift; sourceTree = "<group>"; };
		AB78A9EB26A6B4590024E439 /* RegisterController.swift */ = {isa = PBXFileReference; fileEncoding = 4; lastKnownFileType = sourcecode.swift; path = RegisterController.swift; sourceTree = "<group>"; };
		AB78A9EC26A6B4590024E439 /* RegisterController.xib */ = {isa = PBXFileReference; fileEncoding = 4; lastKnownFileType = file.xib; path = RegisterController.xib; sourceTree = "<group>"; };
		AB78A9F826A6B4590024E439 /* LoginController.xib */ = {isa = PBXFileReference; fileEncoding = 4; lastKnownFileType = file.xib; path = LoginController.xib; sourceTree = "<group>"; };
		AB78A9F926A6B4590024E439 /* LoginController.swift */ = {isa = PBXFileReference; fileEncoding = 4; lastKnownFileType = sourcecode.swift; path = LoginController.swift; sourceTree = "<group>"; };
		AB9CA22E26A14287004AAA4D /* Extension+UIViewController.swift */ = {isa = PBXFileReference; lastKnownFileType = sourcecode.swift; path = "Extension+UIViewController.swift"; sourceTree = "<group>"; };
		B210D3F626B599630083A6B8 /* FriendAPI.swift */ = {isa = PBXFileReference; lastKnownFileType = sourcecode.swift; path = FriendAPI.swift; sourceTree = "<group>"; };
		B2C73F8326A114E700346314 /* ChatRoom.swift */ = {isa = PBXFileReference; lastKnownFileType = sourcecode.swift; path = ChatRoom.swift; sourceTree = "<group>"; };
		B2C73F8526A1174700346314 /* ChatMessage.swift */ = {isa = PBXFileReference; lastKnownFileType = sourcecode.swift; path = ChatMessage.swift; sourceTree = "<group>"; };
		B8490B8547768FA02B648C9E /* Pods-Awesomechat.debug.xcconfig */ = {isa = PBXFileReference; includeInIndex = 1; lastKnownFileType = text.xcconfig; name = "Pods-Awesomechat.debug.xcconfig"; path = "Target Support Files/Pods-Awesomechat/Pods-Awesomechat.debug.xcconfig"; sourceTree = "<group>"; };
		D78E610C269ECCFA00D8FB96 /* PushDataMesenger.swift */ = {isa = PBXFileReference; lastKnownFileType = sourcecode.swift; path = PushDataMesenger.swift; sourceTree = "<group>"; };
		D78E610E269EEFA100D8FB96 /* Extension+Snapshot.swift */ = {isa = PBXFileReference; lastKnownFileType = sourcecode.swift; path = "Extension+Snapshot.swift"; sourceTree = "<group>"; };
		D78ECD6C269C330200ACF39D /* Extension+Date.swift */ = {isa = PBXFileReference; lastKnownFileType = sourcecode.swift; path = "Extension+Date.swift"; sourceTree = "<group>"; };
		D78ECD6E269C5B8F00ACF39D /* DataChats.swift */ = {isa = PBXFileReference; lastKnownFileType = sourcecode.swift; path = DataChats.swift; sourceTree = "<group>"; };
		D7A0BC2C268D6AC500842C93 /* Awesomechat.app */ = {isa = PBXFileReference; explicitFileType = wrapper.application; includeInIndex = 0; path = Awesomechat.app; sourceTree = BUILT_PRODUCTS_DIR; };
		D7A0BC2F268D6AC500842C93 /* AppDelegate.swift */ = {isa = PBXFileReference; lastKnownFileType = sourcecode.swift; path = AppDelegate.swift; sourceTree = "<group>"; };
		D7A0BC31268D6AC500842C93 /* SceneDelegate.swift */ = {isa = PBXFileReference; lastKnownFileType = sourcecode.swift; path = SceneDelegate.swift; sourceTree = "<group>"; };
		D7A0BC36268D6AC500842C93 /* Base */ = {isa = PBXFileReference; lastKnownFileType = file.storyboard; name = Base; path = Base.lproj/Main.storyboard; sourceTree = "<group>"; };
		D7A0BC38268D6AC700842C93 /* Assets.xcassets */ = {isa = PBXFileReference; lastKnownFileType = folder.assetcatalog; path = Assets.xcassets; sourceTree = "<group>"; };
		D7A0BC3B268D6AC700842C93 /* Base */ = {isa = PBXFileReference; lastKnownFileType = file.storyboard; name = Base; path = Base.lproj/LaunchScreen.storyboard; sourceTree = "<group>"; };
		D7A0BC3D268D6AC700842C93 /* Info.plist */ = {isa = PBXFileReference; lastKnownFileType = text.plist.xml; path = Info.plist; sourceTree = "<group>"; };
		D7A0BC57268D7CA800842C93 /* Extension+Color.swift */ = {isa = PBXFileReference; lastKnownFileType = sourcecode.swift; path = "Extension+Color.swift"; sourceTree = "<group>"; };
		D7A0BC5A268DB3F800842C93 /* DataUser.swift */ = {isa = PBXFileReference; lastKnownFileType = sourcecode.swift; path = DataUser.swift; sourceTree = "<group>"; };
		D7A0BC5D268DBCC000842C93 /* ServerApiUser.swift */ = {isa = PBXFileReference; lastKnownFileType = sourcecode.swift; path = ServerApiUser.swift; sourceTree = "<group>"; };
		D7A155BF268ECEA000A8E50B /* DataFriend.swift */ = {isa = PBXFileReference; lastKnownFileType = sourcecode.swift; path = DataFriend.swift; sourceTree = "<group>"; };
		D7A155C6268F252E00A8E50B /* ServerRegister.swift */ = {isa = PBXFileReference; lastKnownFileType = sourcecode.swift; path = ServerRegister.swift; sourceTree = "<group>"; };
		D7A55E0C2696DE8E000767F8 /* ServerMesenger.swift */ = {isa = PBXFileReference; lastKnownFileType = sourcecode.swift; path = ServerMesenger.swift; sourceTree = "<group>"; };
		D7A9F1A22692E4AA001AE5AB /* ServerLogin.swift */ = {isa = PBXFileReference; lastKnownFileType = sourcecode.swift; path = ServerLogin.swift; sourceTree = "<group>"; };
		D7A9F1A926931200001AE5AB /* Extension+UIView.swift */ = {isa = PBXFileReference; lastKnownFileType = sourcecode.swift; path = "Extension+UIView.swift"; sourceTree = "<group>"; };
		D7AC16A226A1913E0082FF94 /* CallMethodRequest.swift */ = {isa = PBXFileReference; lastKnownFileType = sourcecode.swift; path = CallMethodRequest.swift; sourceTree = "<group>"; };
		D7BA5CB026980C84001742DE /* ClassPushTabar.swift */ = {isa = PBXFileReference; lastKnownFileType = sourcecode.swift; path = ClassPushTabar.swift; sourceTree = "<group>"; };
/* End PBXFileReference section */

/* Begin PBXFrameworksBuildPhase section */
		D7A0BC29268D6AC500842C93 /* Frameworks */ = {
			isa = PBXFrameworksBuildPhase;
			buildActionMask = 2147483647;
			files = (
				31BABDED4009E8DCE6ED715C /* Pods_Awesomechat.framework in Frameworks */,
			);
			runOnlyForDeploymentPostprocessing = 0;
		};
/* End PBXFrameworksBuildPhase section */

/* Begin PBXGroup section */
		1809973826BB1751003030B9 /* All */ = {
			isa = PBXGroup;
			children = (
				18E12E0526C0501D0079DE4D /* AllViewController.swift */,
				18E12E0626C0501D0079DE4D /* AllViewController.xib */,
				18E12E0B26C052FB0079DE4D /* AllTableViewCell.swift */,
				18E12E0C26C052FB0079DE4D /* AllTableViewCell.xib */,
			);
			path = All;
			sourceTree = "<group>";
		};
		1835433F26B0F2D400DA51ED /* TabBarScreen */ = {
			isa = PBXGroup;
			children = (
				1835434026B0F2D400DA51ED /* TabBarViewController.xib */,
				1835434126B0F2D400DA51ED /* TabBarViewController.swift */,
			);
			path = TabBarScreen;
			sourceTree = "<group>";
		};
		1835434426B0F2F900DA51ED /* FriendScreen */ = {
			isa = PBXGroup;
			children = (
				1835434526B0F2F900DA51ED /* Tabs */,
				1835434C26B0F2F900DA51ED /* FriendsController.swift */,
				1835434D26B0F2F900DA51ED /* FriendsController.xib */,
			);
			path = FriendScreen;
			sourceTree = "<group>";
		};
		1835434526B0F2F900DA51ED /* Tabs */ = {
			isa = PBXGroup;
			children = (
				1809973826BB1751003030B9 /* All */,
				18AB2A8426B8026500FFB28D /* Friend */,
				18AB2A8526B8026C00FFB28D /* Request */,
			);
			path = Tabs;
			sourceTree = "<group>";
		};
		1835435626B0FAA700DA51ED /* Fonts */ = {
			isa = PBXGroup;
			children = (
				1835435726B0FAA700DA51ED /* Lato */,
			);
			path = Fonts;
			sourceTree = "<group>";
		};
		1835435726B0FAA700DA51ED /* Lato */ = {
			isa = PBXGroup;
			children = (
				1835435826B0FAA700DA51ED /* Lato-Italic.ttf */,
				1835435926B0FAA700DA51ED /* Lato-LightItalic.ttf */,
				1835435A26B0FAA700DA51ED /* Lato-Thin.ttf */,
				1835435B26B0FAA700DA51ED /* Lato-Bold.ttf */,
				1835435C26B0FAA700DA51ED /* Lato-Black.ttf */,
				1835435D26B0FAA700DA51ED /* Lato-Regular.ttf */,
				1835435E26B0FAA700DA51ED /* Lato-BlackItalic.ttf */,
				1835436026B0FAA700DA51ED /* Lato-BoldItalic.ttf */,
				1835436126B0FAA700DA51ED /* Lato-Light.ttf */,
				1835436226B0FAA700DA51ED /* Lato-ThinItalic.ttf */,
			);
			path = Lato;
			sourceTree = "<group>";
		};
		18AB2A8426B8026500FFB28D /* Friend */ = {
			isa = PBXGroup;
			children = (
				1835434626B0F2F900DA51ED /* FriendsListViewController.xib */,
				1835434826B0F2F900DA51ED /* FriendsListViewController.swift */,
				18AB2A8726B802AF00FFB28D /* FriendsTableViewCell.swift */,
				18AB2A8826B802AF00FFB28D /* FriendsTableViewCell.xib */,
			);
			path = Friend;
			sourceTree = "<group>";
		};
		18AB2A8526B8026C00FFB28D /* Request */ = {
			isa = PBXGroup;
			children = (
				1809974226BB1B87003030B9 /* RequestTableViewCell.swift */,
				1809974326BB1B87003030B9 /* RequestTableViewCell.xib */,
				1809974A26BB1E40003030B9 /* RequestViewController.swift */,
				1809974B26BB1E40003030B9 /* RequestViewController.xib */,
			);
			path = Request;
			sourceTree = "<group>";
		};
		432B6E69D5096117F34603C4 /* Pods */ = {
			isa = PBXGroup;
			children = (
				B8490B8547768FA02B648C9E /* Pods-Awesomechat.debug.xcconfig */,
				462DAAE6D841AD1FC2EFFD40 /* Pods-Awesomechat.release.xcconfig */,
			);
			path = Pods;
			sourceTree = "<group>";
		};
		8403D3D326B797AE00609CB9 /* MessengerDetail */ = {
			isa = PBXGroup;
			children = (
				8403D3D826B7A6A100609CB9 /* MessengerDetailCell */,
				8403D3D426B797DD00609CB9 /* MessengerDetail.swift */,
				8403D3D526B797DD00609CB9 /* MessengerDetail.xib */,
			);
			path = MessengerDetail;
			sourceTree = "<group>";
		};
		8403D3D826B7A6A100609CB9 /* MessengerDetailCell */ = {
			isa = PBXGroup;
			children = (
				8403D3D926B7A6C600609CB9 /* MessengerDetailCell.swift */,
				8403D3DA26B7A6C600609CB9 /* MessengerDetailCell.xib */,
			);
			path = MessengerDetailCell;
			sourceTree = "<group>";
		};
		8403D3DD26B841F400609CB9 /* MessengerList */ = {
			isa = PBXGroup;
			children = (
				AB78A9E526A6B4590024E439 /* MessengerTableCell */,
				8480EF4426B404B300C51870 /* MessengerController.swift */,
				8480EF4526B404B300C51870 /* MessengerController.xib */,
			);
			path = MessengerList;
			sourceTree = "<group>";
		};
		9FB58D69EDA6780F9A8FCBD6 /* Frameworks */ = {
			isa = PBXGroup;
			children = (
				32AD681C66E3D4310D3D0EA1 /* Pods_Awesomechat.framework */,
			);
			name = Frameworks;
			sourceTree = "<group>";
		};
		AB78A9D926A6B4580024E439 /* PersonalScreen */ = {
			isa = PBXGroup;
			children = (
				AB78A9DA26A6B4580024E439 /* PersonalController.swift */,
				AB78A9DB26A6B4580024E439 /* PersonalController.xib */,
			);
			path = PersonalScreen;
			sourceTree = "<group>";
		};
		AB78A9E226A6B4590024E439 /* MessengerScreen */ = {
			isa = PBXGroup;
			children = (
				8403D3DD26B841F400609CB9 /* MessengerList */,
				8403D3D326B797AE00609CB9 /* MessengerDetail */,
			);
			path = MessengerScreen;
			sourceTree = "<group>";
		};
		AB78A9E526A6B4590024E439 /* MessengerTableCell */ = {
			isa = PBXGroup;
			children = (
				AB78A9E626A6B4590024E439 /* MessengerTableViewCell.xib */,
				AB78A9E726A6B4590024E439 /* MessengerTableViewCell.swift */,
				8480EF4826B4059500C51870 /* MessengerHeader.swift */,
				8480EF4A26B405A400C51870 /* MessengerHeader.xib */,
			);
			path = MessengerTableCell;
			sourceTree = "<group>";
		};
		AB78A9EA26A6B4590024E439 /* RegisterScreen */ = {
			isa = PBXGroup;
			children = (
				AB78A9EB26A6B4590024E439 /* RegisterController.swift */,
				AB78A9EC26A6B4590024E439 /* RegisterController.xib */,
			);
			path = RegisterScreen;
			sourceTree = "<group>";
		};
		AB78A9F726A6B4590024E439 /* LoginScreen */ = {
			isa = PBXGroup;
			children = (
				AB78A9F826A6B4590024E439 /* LoginController.xib */,
				AB78A9F926A6B4590024E439 /* LoginController.swift */,
			);
			path = LoginScreen;
			sourceTree = "<group>";
		};
		D7A0BC23268D6AC500842C93 = {
			isa = PBXGroup;
			children = (
				D7A0BC2E268D6AC500842C93 /* Awesomechat */,
				D7A0BC2D268D6AC500842C93 /* Products */,
				432B6E69D5096117F34603C4 /* Pods */,
				9FB58D69EDA6780F9A8FCBD6 /* Frameworks */,
			);
			sourceTree = "<group>";
		};
		D7A0BC2D268D6AC500842C93 /* Products */ = {
			isa = PBXGroup;
			children = (
				D7A0BC2C268D6AC500842C93 /* Awesomechat.app */,
			);
			name = Products;
			sourceTree = "<group>";
		};
		D7A0BC2E268D6AC500842C93 /* Awesomechat */ = {
			isa = PBXGroup;
			children = (
				D7A0BC38268D6AC700842C93 /* Assets.xcassets */,
				18BC45AA26C0DE2A00B040BD /* GoogleService-Info.plist */,
				846FDAAC26CE68AF00D785C7 /* GoogleService-Info.plist */,
				D7A0BC3D268D6AC700842C93 /* Info.plist */,
				D7B0F17526A56C6C00D13C45 /* Library */,
				D7B0F17326A56B6B00D13C45 /* Application */,
				D7A0BC5C268DBCA200842C93 /* Server */,
				D7A0BC45268D6AEA00842C93 /* Controller */,
				D7A0BC43268D6AD600842C93 /* Model */,
			);
			path = Awesomechat;
			sourceTree = "<group>";
		};
		D7A0BC43268D6AD600842C93 /* Model */ = {
			isa = PBXGroup;
			children = (
				D7A0BC5A268DB3F800842C93 /* DataUser.swift */,
				D7A155BF268ECEA000A8E50B /* DataFriend.swift */,
				D78ECD6E269C5B8F00ACF39D /* DataChats.swift */,
				B2C73F8326A114E700346314 /* ChatRoom.swift */,
				B2C73F8526A1174700346314 /* ChatMessage.swift */,
			);
			path = Model;
			sourceTree = "<group>";
		};
		D7A0BC45268D6AEA00842C93 /* Controller */ = {
			isa = PBXGroup;
			children = (
				1835434426B0F2F900DA51ED /* FriendScreen */,
				1835433F26B0F2D400DA51ED /* TabBarScreen */,
				AB78A9F726A6B4590024E439 /* LoginScreen */,
				AB78A9E226A6B4590024E439 /* MessengerScreen */,
				AB78A9D926A6B4580024E439 /* PersonalScreen */,
				AB78A9EA26A6B4590024E439 /* RegisterScreen */,
			);
			path = Controller;
			sourceTree = "<group>";
		};
		D7A0BC56268D7C9300842C93 /* Extension */ = {
			isa = PBXGroup;
			children = (
				D7A9F1A926931200001AE5AB /* Extension+UIView.swift */,
				D7BA5CB026980C84001742DE /* ClassPushTabar.swift */,
				D78E610E269EEFA100D8FB96 /* Extension+Snapshot.swift */,
				D7AC16A226A1913E0082FF94 /* CallMethodRequest.swift */,
				AB9CA22E26A14287004AAA4D /* Extension+UIViewController.swift */,
				84CBE19726C6669E00332241 /* Extension+UIImageView.swift */,
				1850C12C26C214B3007B012D /* EXtension+UISearchBar.swift */,
				1850C13026C22EB3007B012D /* Extension+TableView.swift */,
			);
			path = Extension;
			sourceTree = "<group>";
		};
		D7A0BC5C268DBCA200842C93 /* Server */ = {
			isa = PBXGroup;
			children = (
				D7B0F17426A56C4300D13C45 /* Notification */,
			);
			path = Server;
			sourceTree = "<group>";
		};
		D7A55E0A2696DE5B000767F8 /* ServerUser */ = {
			isa = PBXGroup;
			children = (
				D7A0BC5D268DBCC000842C93 /* ServerApiUser.swift */,
				D7A155C6268F252E00A8E50B /* ServerRegister.swift */,
				D7A9F1A22692E4AA001AE5AB /* ServerLogin.swift */,
			);
			path = ServerUser;
			sourceTree = "<group>";
		};
		D7A55E0B2696DE69000767F8 /* ServerMesenger */ = {
			isa = PBXGroup;
			children = (
				D7A55E0C2696DE8E000767F8 /* ServerMesenger.swift */,
				D78E610C269ECCFA00D8FB96 /* PushDataMesenger.swift */,
			);
			path = ServerMesenger;
			sourceTree = "<group>";
		};
		D7B0F17326A56B6B00D13C45 /* Application */ = {
			isa = PBXGroup;
			children = (
				D7A0BC35268D6AC500842C93 /* Main.storyboard */,
				D7A0BC3A268D6AC700842C93 /* LaunchScreen.storyboard */,
				D7A0BC2F268D6AC500842C93 /* AppDelegate.swift */,
				D7A0BC31268D6AC500842C93 /* SceneDelegate.swift */,
			);
			path = Application;
			sourceTree = "<group>";
		};
		D7B0F17426A56C4300D13C45 /* Notification */ = {
			isa = PBXGroup;
			children = (
				D7A55E0B2696DE69000767F8 /* ServerMesenger */,
				D7A55E0A2696DE5B000767F8 /* ServerUser */,
				B210D3F626B599630083A6B8 /* FriendAPI.swift */,
			);
			path = Notification;
			sourceTree = "<group>";
		};
		D7B0F17526A56C6C00D13C45 /* Library */ = {
			isa = PBXGroup;
			children = (
				1835435626B0FAA700DA51ED /* Fonts */,
				D7B0F17726A56CEF00D13C45 /* Constants */,
				D7B0F17626A56CBC00D13C45 /* Utils */,
				D7A0BC56268D7C9300842C93 /* Extension */,
			);
			path = Library;
			sourceTree = "<group>";
		};
		D7B0F17626A56CBC00D13C45 /* Utils */ = {
			isa = PBXGroup;
			children = (
				D78ECD6C269C330200ACF39D /* Extension+Date.swift */,
			);
			path = Utils;
			sourceTree = "<group>";
		};
		D7B0F17726A56CEF00D13C45 /* Constants */ = {
			isa = PBXGroup;
			children = (
				D7A0BC57268D7CA800842C93 /* Extension+Color.swift */,
			);
			path = Constants;
			sourceTree = "<group>";
		};
/* End PBXGroup section */

/* Begin PBXNativeTarget section */
		D7A0BC2B268D6AC500842C93 /* Awesomechat */ = {
			isa = PBXNativeTarget;
			buildConfigurationList = D7A0BC40268D6AC700842C93 /* Build configuration list for PBXNativeTarget "Awesomechat" */;
			buildPhases = (
				5DCD08110D8B1C354F0DA995 /* [CP] Check Pods Manifest.lock */,
				D7A0BC28268D6AC500842C93 /* Sources */,
				D7A0BC29268D6AC500842C93 /* Frameworks */,
				D7A0BC2A268D6AC500842C93 /* Resources */,
				795BFE82D0F7A608C6018236 /* [CP] Embed Pods Frameworks */,
			);
			buildRules = (
			);
			dependencies = (
			);
			name = Awesomechat;
			productName = Awesomechat;
			productReference = D7A0BC2C268D6AC500842C93 /* Awesomechat.app */;
			productType = "com.apple.product-type.application";
		};
/* End PBXNativeTarget section */

/* Begin PBXProject section */
		D7A0BC24268D6AC500842C93 /* Project object */ = {
			isa = PBXProject;
			attributes = {
				LastSwiftUpdateCheck = 1250;
				LastUpgradeCheck = 1250;
				TargetAttributes = {
					D7A0BC2B268D6AC500842C93 = {
						CreatedOnToolsVersion = 12.5;
					};
				};
			};
			buildConfigurationList = D7A0BC27268D6AC500842C93 /* Build configuration list for PBXProject "Awesomechat" */;
			compatibilityVersion = "Xcode 9.3";
			developmentRegion = en;
			hasScannedForEncodings = 0;
			knownRegions = (
				en,
				Base,
			);
			mainGroup = D7A0BC23268D6AC500842C93;
			productRefGroup = D7A0BC2D268D6AC500842C93 /* Products */;
			projectDirPath = "";
			projectRoot = "";
			targets = (
				D7A0BC2B268D6AC500842C93 /* Awesomechat */,
			);
		};
/* End PBXProject section */

/* Begin PBXResourcesBuildPhase section */
		D7A0BC2A268D6AC500842C93 /* Resources */ = {
			isa = PBXResourcesBuildPhase;
			buildActionMask = 2147483647;
			files = (
				1835434E26B0F2F900DA51ED /* FriendsListViewController.xib in Resources */,
				D7A0BC3C268D6AC700842C93 /* LaunchScreen.storyboard in Resources */,
				AB78AA0126A6B4590024E439 /* PersonalController.xib in Resources */,
				18BC45AB26C0DE2A00B040BD /* GoogleService-Info.plist in Resources */,
				1835435526B0F2F900DA51ED /* FriendsController.xib in Resources */,
				D7A0BC39268D6AC700842C93 /* Assets.xcassets in Resources */,
				AB78AA1626A6B4590024E439 /* LoginController.xib in Resources */,
				1835436B26B0FAA700DA51ED /* Lato-BoldItalic.ttf in Resources */,
				1835436726B0FAA700DA51ED /* Lato-Black.ttf in Resources */,
				1835436926B0FAA700DA51ED /* Lato-BlackItalic.ttf in Resources */,
				18AB2A8A26B802AF00FFB28D /* FriendsTableViewCell.xib in Resources */,
				1835436626B0FAA700DA51ED /* Lato-Bold.ttf in Resources */,
				1835436426B0FAA700DA51ED /* Lato-LightItalic.ttf in Resources */,
				1835436D26B0FAA700DA51ED /* Lato-ThinItalic.ttf in Resources */,
				1835436326B0FAA700DA51ED /* Lato-Italic.ttf in Resources */,
				846FDAAD26CE68AF00D785C7 /* GoogleService-Info.plist in Resources */,
				AB78AA0826A6B4590024E439 /* MessengerTableViewCell.xib in Resources */,
				8480EF4726B404B300C51870 /* MessengerController.xib in Resources */,
				1809974526BB1B87003030B9 /* RequestTableViewCell.xib in Resources */,
				18E12E0826C0501D0079DE4D /* AllViewController.xib in Resources */,
				1809974D26BB1E40003030B9 /* RequestViewController.xib in Resources */,
				D7A0BC37268D6AC500842C93 /* Main.storyboard in Resources */,
				1835434226B0F2D400DA51ED /* TabBarViewController.xib in Resources */,
				1835436526B0FAA700DA51ED /* Lato-Thin.ttf in Resources */,
				8480EF4B26B405A400C51870 /* MessengerHeader.xib in Resources */,
				1835436826B0FAA700DA51ED /* Lato-Regular.ttf in Resources */,
				18E12E0E26C052FB0079DE4D /* AllTableViewCell.xib in Resources */,
				AB78AA0D26A6B4590024E439 /* RegisterController.xib in Resources */,
				8403D3D726B797DD00609CB9 /* MessengerDetail.xib in Resources */,
				8403D3DC26B7A6C600609CB9 /* MessengerDetailCell.xib in Resources */,
				1835436C26B0FAA700DA51ED /* Lato-Light.ttf in Resources */,
			);
			runOnlyForDeploymentPostprocessing = 0;
		};
/* End PBXResourcesBuildPhase section */

/* Begin PBXShellScriptBuildPhase section */
		5DCD08110D8B1C354F0DA995 /* [CP] Check Pods Manifest.lock */ = {
			isa = PBXShellScriptBuildPhase;
			buildActionMask = 2147483647;
			files = (
			);
			inputFileListPaths = (
			);
			inputPaths = (
				"${PODS_PODFILE_DIR_PATH}/Podfile.lock",
				"${PODS_ROOT}/Manifest.lock",
			);
			name = "[CP] Check Pods Manifest.lock";
			outputFileListPaths = (
			);
			outputPaths = (
				"$(DERIVED_FILE_DIR)/Pods-Awesomechat-checkManifestLockResult.txt",
			);
			runOnlyForDeploymentPostprocessing = 0;
			shellPath = /bin/sh;
			shellScript = "diff \"${PODS_PODFILE_DIR_PATH}/Podfile.lock\" \"${PODS_ROOT}/Manifest.lock\" > /dev/null\nif [ $? != 0 ] ; then\n    # print error to STDERR\n    echo \"error: The sandbox is not in sync with the Podfile.lock. Run 'pod install' or update your CocoaPods installation.\" >&2\n    exit 1\nfi\n# This output is used by Xcode 'outputs' to avoid re-running this script phase.\necho \"SUCCESS\" > \"${SCRIPT_OUTPUT_FILE_0}\"\n";
			showEnvVarsInLog = 0;
		};
		795BFE82D0F7A608C6018236 /* [CP] Embed Pods Frameworks */ = {
			isa = PBXShellScriptBuildPhase;
			buildActionMask = 2147483647;
			files = (
			);
			inputFileListPaths = (
				"${PODS_ROOT}/Target Support Files/Pods-Awesomechat/Pods-Awesomechat-frameworks-${CONFIGURATION}-input-files.xcfilelist",
			);
			name = "[CP] Embed Pods Frameworks";
			outputFileListPaths = (
				"${PODS_ROOT}/Target Support Files/Pods-Awesomechat/Pods-Awesomechat-frameworks-${CONFIGURATION}-output-files.xcfilelist",
			);
			runOnlyForDeploymentPostprocessing = 0;
			shellPath = /bin/sh;
			shellScript = "\"${PODS_ROOT}/Target Support Files/Pods-Awesomechat/Pods-Awesomechat-frameworks.sh\"\n";
			showEnvVarsInLog = 0;
		};
/* End PBXShellScriptBuildPhase section */

/* Begin PBXSourcesBuildPhase section */
		D7A0BC28268D6AC500842C93 /* Sources */ = {
			isa = PBXSourcesBuildPhase;
			buildActionMask = 2147483647;
			files = (
				D7AC16A326A1913E0082FF94 /* CallMethodRequest.swift in Sources */,
				AB78AA1726A6B4590024E439 /* LoginController.swift in Sources */,
				D7A9F1AA26931200001AE5AB /* Extension+UIView.swift in Sources */,
				18AB2A8926B802AF00FFB28D /* FriendsTableViewCell.swift in Sources */,
				D7A9F1A32692E4AA001AE5AB /* ServerLogin.swift in Sources */,
				1809974426BB1B87003030B9 /* RequestTableViewCell.swift in Sources */,
				D7A0BC5B268DB3F800842C93 /* DataUser.swift in Sources */,
				AB9CA22F26A14287004AAA4D /* Extension+UIViewController.swift in Sources */,
				1809974C26BB1E40003030B9 /* RequestViewController.swift in Sources */,
				D7A0BC58268D7CA800842C93 /* Extension+Color.swift in Sources */,
				D78E610D269ECCFA00D8FB96 /* PushDataMesenger.swift in Sources */,
				B210D3F726B599630083A6B8 /* FriendAPI.swift in Sources */,
				1850C12D26C214B3007B012D /* EXtension+UISearchBar.swift in Sources */,
				D78E610F269EEFA100D8FB96 /* Extension+Snapshot.swift in Sources */,
				D7A0BC30268D6AC500842C93 /* AppDelegate.swift in Sources */,
				AB78AA0C26A6B4590024E439 /* RegisterController.swift in Sources */,
				18E12E0726C0501D0079DE4D /* AllViewController.swift in Sources */,
				D7A55E0D2696DE8E000767F8 /* ServerMesenger.swift in Sources */,
				1835435426B0F2F900DA51ED /* FriendsController.swift in Sources */,
				D7A155C7268F252E00A8E50B /* ServerRegister.swift in Sources */,
				18E12E0D26C052FB0079DE4D /* AllTableViewCell.swift in Sources */,
				B2C73F8426A114E700346314 /* ChatRoom.swift in Sources */,
				B2C73F8626A1174700346314 /* ChatMessage.swift in Sources */,
				8480EF4626B404B300C51870 /* MessengerController.swift in Sources */,
				8480EF4926B4059500C51870 /* MessengerHeader.swift in Sources */,
				D7A0BC5E268DBCC000842C93 /* ServerApiUser.swift in Sources */,
				AB78AA0026A6B4590024E439 /* PersonalController.swift in Sources */,
				1850C13126C22EB3007B012D /* Extension+TableView.swift in Sources */,
				1835435026B0F2F900DA51ED /* FriendsListViewController.swift in Sources */,
				D7BA5CB126980C84001742DE /* ClassPushTabar.swift in Sources */,
				84CBE19826C6669E00332241 /* Extension+UIImageView.swift in Sources */,
				D78ECD6F269C5B8F00ACF39D /* DataChats.swift in Sources */,
				8403D3DB26B7A6C600609CB9 /* MessengerDetailCell.swift in Sources */,
				D7A0BC32268D6AC500842C93 /* SceneDelegate.swift in Sources */,
				8403D3D626B797DD00609CB9 /* MessengerDetail.swift in Sources */,
				D78ECD6D269C330200ACF39D /* Extension+Date.swift in Sources */,
				D7A155C0268ECEA000A8E50B /* DataFriend.swift in Sources */,
				1835434326B0F2D400DA51ED /* TabBarViewController.swift in Sources */,
				AB78AA0926A6B4590024E439 /* MessengerTableViewCell.swift in Sources */,
			);
			runOnlyForDeploymentPostprocessing = 0;
		};
/* End PBXSourcesBuildPhase section */

/* Begin PBXVariantGroup section */
		D7A0BC35268D6AC500842C93 /* Main.storyboard */ = {
			isa = PBXVariantGroup;
			children = (
				D7A0BC36268D6AC500842C93 /* Base */,
			);
			name = Main.storyboard;
			sourceTree = "<group>";
		};
		D7A0BC3A268D6AC700842C93 /* LaunchScreen.storyboard */ = {
			isa = PBXVariantGroup;
			children = (
				D7A0BC3B268D6AC700842C93 /* Base */,
			);
			name = LaunchScreen.storyboard;
			sourceTree = "<group>";
		};
/* End PBXVariantGroup section */

/* Begin XCBuildConfiguration section */
		D7A0BC3E268D6AC700842C93 /* Debug */ = {
			isa = XCBuildConfiguration;
			buildSettings = {
				ALWAYS_SEARCH_USER_PATHS = NO;
				CLANG_ANALYZER_NONNULL = YES;
				CLANG_ANALYZER_NUMBER_OBJECT_CONVERSION = YES_AGGRESSIVE;
				CLANG_CXX_LANGUAGE_STANDARD = "gnu++14";
				CLANG_CXX_LIBRARY = "libc++";
				CLANG_ENABLE_MODULES = YES;
				CLANG_ENABLE_OBJC_ARC = YES;
				CLANG_ENABLE_OBJC_WEAK = YES;
				CLANG_WARN_BLOCK_CAPTURE_AUTORELEASING = YES;
				CLANG_WARN_BOOL_CONVERSION = YES;
				CLANG_WARN_COMMA = YES;
				CLANG_WARN_CONSTANT_CONVERSION = YES;
				CLANG_WARN_DEPRECATED_OBJC_IMPLEMENTATIONS = YES;
				CLANG_WARN_DIRECT_OBJC_ISA_USAGE = YES_ERROR;
				CLANG_WARN_DOCUMENTATION_COMMENTS = YES;
				CLANG_WARN_EMPTY_BODY = YES;
				CLANG_WARN_ENUM_CONVERSION = YES;
				CLANG_WARN_INFINITE_RECURSION = YES;
				CLANG_WARN_INT_CONVERSION = YES;
				CLANG_WARN_NON_LITERAL_NULL_CONVERSION = YES;
				CLANG_WARN_OBJC_IMPLICIT_RETAIN_SELF = YES;
				CLANG_WARN_OBJC_LITERAL_CONVERSION = YES;
				CLANG_WARN_OBJC_ROOT_CLASS = YES_ERROR;
				CLANG_WARN_QUOTED_INCLUDE_IN_FRAMEWORK_HEADER = YES;
				CLANG_WARN_RANGE_LOOP_ANALYSIS = YES;
				CLANG_WARN_STRICT_PROTOTYPES = YES;
				CLANG_WARN_SUSPICIOUS_MOVE = YES;
				CLANG_WARN_UNGUARDED_AVAILABILITY = YES_AGGRESSIVE;
				CLANG_WARN_UNREACHABLE_CODE = YES;
				CLANG_WARN__DUPLICATE_METHOD_MATCH = YES;
				COPY_PHASE_STRIP = NO;
				DEBUG_INFORMATION_FORMAT = dwarf;
				ENABLE_STRICT_OBJC_MSGSEND = YES;
				ENABLE_TESTABILITY = YES;
				GCC_C_LANGUAGE_STANDARD = gnu11;
				GCC_DYNAMIC_NO_PIC = NO;
				GCC_NO_COMMON_BLOCKS = YES;
				GCC_OPTIMIZATION_LEVEL = 0;
				GCC_PREPROCESSOR_DEFINITIONS = (
					"DEBUG=1",
					"$(inherited)",
				);
				GCC_WARN_64_TO_32_BIT_CONVERSION = YES;
				GCC_WARN_ABOUT_RETURN_TYPE = YES_ERROR;
				GCC_WARN_UNDECLARED_SELECTOR = YES;
				GCC_WARN_UNINITIALIZED_AUTOS = YES_AGGRESSIVE;
				GCC_WARN_UNUSED_FUNCTION = YES;
				GCC_WARN_UNUSED_VARIABLE = YES;
				IPHONEOS_DEPLOYMENT_TARGET = 14.5;
				MTL_ENABLE_DEBUG_INFO = INCLUDE_SOURCE;
				MTL_FAST_MATH = YES;
				ONLY_ACTIVE_ARCH = YES;
				SDKROOT = iphoneos;
				SWIFT_ACTIVE_COMPILATION_CONDITIONS = DEBUG;
				SWIFT_OPTIMIZATION_LEVEL = "-Onone";
			};
			name = Debug;
		};
		D7A0BC3F268D6AC700842C93 /* Release */ = {
			isa = XCBuildConfiguration;
			buildSettings = {
				ALWAYS_SEARCH_USER_PATHS = NO;
				CLANG_ANALYZER_NONNULL = YES;
				CLANG_ANALYZER_NUMBER_OBJECT_CONVERSION = YES_AGGRESSIVE;
				CLANG_CXX_LANGUAGE_STANDARD = "gnu++14";
				CLANG_CXX_LIBRARY = "libc++";
				CLANG_ENABLE_MODULES = YES;
				CLANG_ENABLE_OBJC_ARC = YES;
				CLANG_ENABLE_OBJC_WEAK = YES;
				CLANG_WARN_BLOCK_CAPTURE_AUTORELEASING = YES;
				CLANG_WARN_BOOL_CONVERSION = YES;
				CLANG_WARN_COMMA = YES;
				CLANG_WARN_CONSTANT_CONVERSION = YES;
				CLANG_WARN_DEPRECATED_OBJC_IMPLEMENTATIONS = YES;
				CLANG_WARN_DIRECT_OBJC_ISA_USAGE = YES_ERROR;
				CLANG_WARN_DOCUMENTATION_COMMENTS = YES;
				CLANG_WARN_EMPTY_BODY = YES;
				CLANG_WARN_ENUM_CONVERSION = YES;
				CLANG_WARN_INFINITE_RECURSION = YES;
				CLANG_WARN_INT_CONVERSION = YES;
				CLANG_WARN_NON_LITERAL_NULL_CONVERSION = YES;
				CLANG_WARN_OBJC_IMPLICIT_RETAIN_SELF = YES;
				CLANG_WARN_OBJC_LITERAL_CONVERSION = YES;
				CLANG_WARN_OBJC_ROOT_CLASS = YES_ERROR;
				CLANG_WARN_QUOTED_INCLUDE_IN_FRAMEWORK_HEADER = YES;
				CLANG_WARN_RANGE_LOOP_ANALYSIS = YES;
				CLANG_WARN_STRICT_PROTOTYPES = YES;
				CLANG_WARN_SUSPICIOUS_MOVE = YES;
				CLANG_WARN_UNGUARDED_AVAILABILITY = YES_AGGRESSIVE;
				CLANG_WARN_UNREACHABLE_CODE = YES;
				CLANG_WARN__DUPLICATE_METHOD_MATCH = YES;
				COPY_PHASE_STRIP = NO;
				DEBUG_INFORMATION_FORMAT = "dwarf-with-dsym";
				ENABLE_NS_ASSERTIONS = NO;
				ENABLE_STRICT_OBJC_MSGSEND = YES;
				GCC_C_LANGUAGE_STANDARD = gnu11;
				GCC_NO_COMMON_BLOCKS = YES;
				GCC_WARN_64_TO_32_BIT_CONVERSION = YES;
				GCC_WARN_ABOUT_RETURN_TYPE = YES_ERROR;
				GCC_WARN_UNDECLARED_SELECTOR = YES;
				GCC_WARN_UNINITIALIZED_AUTOS = YES_AGGRESSIVE;
				GCC_WARN_UNUSED_FUNCTION = YES;
				GCC_WARN_UNUSED_VARIABLE = YES;
				IPHONEOS_DEPLOYMENT_TARGET = 14.5;
				MTL_ENABLE_DEBUG_INFO = NO;
				MTL_FAST_MATH = YES;
				SDKROOT = iphoneos;
				SWIFT_COMPILATION_MODE = wholemodule;
				SWIFT_OPTIMIZATION_LEVEL = "-O";
				VALIDATE_PRODUCT = YES;
			};
			name = Release;
		};
		D7A0BC41268D6AC700842C93 /* Debug */ = {
			isa = XCBuildConfiguration;
			baseConfigurationReference = B8490B8547768FA02B648C9E /* Pods-Awesomechat.debug.xcconfig */;
			buildSettings = {
				ASSETCATALOG_COMPILER_APPICON_NAME = AppIcon;
				ASSETCATALOG_COMPILER_GLOBAL_ACCENT_COLOR_NAME = AccentColor;
				CODE_SIGN_STYLE = Automatic;
				INFOPLIST_FILE = Awesomechat/Info.plist;
				IPHONEOS_DEPLOYMENT_TARGET = 13.0;
				LD_RUNPATH_SEARCH_PATHS = (
					"$(inherited)",
					"@executable_path/Frameworks",
				);
				PRODUCT_BUNDLE_IDENTIFIER = danglong.Awesomechat;
				PRODUCT_NAME = "$(TARGET_NAME)";
				SWIFT_VERSION = 5.0;
				TARGETED_DEVICE_FAMILY = "1,2";
			};
			name = Debug;
		};
		D7A0BC42268D6AC700842C93 /* Release */ = {
			isa = XCBuildConfiguration;
			baseConfigurationReference = 462DAAE6D841AD1FC2EFFD40 /* Pods-Awesomechat.release.xcconfig */;
			buildSettings = {
				ASSETCATALOG_COMPILER_APPICON_NAME = AppIcon;
				ASSETCATALOG_COMPILER_GLOBAL_ACCENT_COLOR_NAME = AccentColor;
				CODE_SIGN_STYLE = Automatic;
				INFOPLIST_FILE = Awesomechat/Info.plist;
				IPHONEOS_DEPLOYMENT_TARGET = 13.0;
				LD_RUNPATH_SEARCH_PATHS = (
					"$(inherited)",
					"@executable_path/Frameworks",
				);
				PRODUCT_BUNDLE_IDENTIFIER = danglong.Awesomechat;
				PRODUCT_NAME = "$(TARGET_NAME)";
				SWIFT_VERSION = 5.0;
				TARGETED_DEVICE_FAMILY = "1,2";
			};
			name = Release;
		};
/* End XCBuildConfiguration section */

/* Begin XCConfigurationList section */
		D7A0BC27268D6AC500842C93 /* Build configuration list for PBXProject "Awesomechat" */ = {
			isa = XCConfigurationList;
			buildConfigurations = (
				D7A0BC3E268D6AC700842C93 /* Debug */,
				D7A0BC3F268D6AC700842C93 /* Release */,
			);
			defaultConfigurationIsVisible = 0;
			defaultConfigurationName = Release;
		};
		D7A0BC40268D6AC700842C93 /* Build configuration list for PBXNativeTarget "Awesomechat" */ = {
			isa = XCConfigurationList;
			buildConfigurations = (
				D7A0BC41268D6AC700842C93 /* Debug */,
				D7A0BC42268D6AC700842C93 /* Release */,
			);
			defaultConfigurationIsVisible = 0;
			defaultConfigurationName = Release;
		};
/* End XCConfigurationList section */
	};
	rootObject = D7A0BC24268D6AC500842C93 /* Project object */;
}
